
Microsoft Visual Studio Solution File, Format Version 12.00
# Visual Studio Version 16
VisualStudioVersion = 16.0.810.6
MinimumVisualStudioVersion = 10.0.40219.1
Project("{FAE04EC0-301F-11D3-BF4B-00C04F79EFBC}") = "hoge.Android", "hoge.Android\hoge.Android.csproj", "{517E1F2F-55A1-4D00-BFFF-6665FFBD68F9}"
EndProject
Project("{FAE04EC0-301F-11D3-BF4B-00C04F79EFBC}") = "hoge.iOS", "hoge.iOS\hoge.iOS.csproj", "{E8F1A5CE-1B0F-4B10-B39E-09BA216F6B71}"
EndProject
Project("{FAE04EC0-301F-11D3-BF4B-00C04F79EFBC}") = "hoge", "hoge\hoge.csproj", "{2747BD0C-A488-48CF-8A5A-6193D1BF03EE}"
EndProject
Global
	GlobalSection(SolutionConfigurationPlatforms) = preSolution
		Debug|Any CPU = Debug|Any CPU
		Release|Any CPU = Release|Any CPU
		Debug|iPhoneSimulator = Debug|iPhoneSimulator
		Release|iPhoneSimulator = Release|iPhoneSimulator
		Debug|iPhone = Debug|iPhone
		Release|iPhone = Release|iPhone
	EndGlobalSection
	GlobalSection(ProjectConfigurationPlatforms) = postSolution
		{517E1F2F-55A1-4D00-BFFF-6665FFBD68F9}.Debug|Any CPU.ActiveCfg = Debug|Any CPU
		{517E1F2F-55A1-4D00-BFFF-6665FFBD68F9}.Debug|Any CPU.Build.0 = Debug|Any CPU
		{517E1F2F-55A1-4D00-BFFF-6665FFBD68F9}.Release|Any CPU.ActiveCfg = Release|Any CPU
		{517E1F2F-55A1-4D00-BFFF-6665FFBD68F9}.Release|Any CPU.Build.0 = Release|Any CPU
		{517E1F2F-55A1-4D00-BFFF-6665FFBD68F9}.Debug|iPhoneSimulator.ActiveCfg = Debug|Any CPU
		{517E1F2F-55A1-4D00-BFFF-6665FFBD68F9}.Debug|iPhoneSimulator.Build.0 = Debug|Any CPU
		{517E1F2F-55A1-4D00-BFFF-6665FFBD68F9}.Release|iPhoneSimulator.ActiveCfg = Release|Any CPU
		{517E1F2F-55A1-4D00-BFFF-6665FFBD68F9}.Release|iPhoneSimulator.Build.0 = Release|Any CPU
		{517E1F2F-55A1-4D00-BFFF-6665FFBD68F9}.Debug|iPhone.ActiveCfg = Debug|Any CPU
		{517E1F2F-55A1-4D00-BFFF-6665FFBD68F9}.Debug|iPhone.Build.0 = Debug|Any CPU
		{517E1F2F-55A1-4D00-BFFF-6665FFBD68F9}.Release|iPhone.ActiveCfg = Release|Any CPU
		{517E1F2F-55A1-4D00-BFFF-6665FFBD68F9}.Release|iPhone.Build.0 = Release|Any CPU
		{E8F1A5CE-1B0F-4B10-B39E-09BA216F6B71}.Debug|Any CPU.ActiveCfg = Debug|iPhoneSimulator
		{E8F1A5CE-1B0F-4B10-B39E-09BA216F6B71}.Debug|Any CPU.Build.0 = Debug|iPhoneSimulator
		{E8F1A5CE-1B0F-4B10-B39E-09BA216F6B71}.Release|Any CPU.ActiveCfg = Release|iPhoneSimulator
		{E8F1A5CE-1B0F-4B10-B39E-09BA216F6B71}.Release|Any CPU.Build.0 = Release|iPhoneSimulator
		{E8F1A5CE-1B0F-4B10-B39E-09BA216F6B71}.Debug|iPhoneSimulator.ActiveCfg = Debug|iPhoneSimulator
		{E8F1A5CE-1B0F-4B10-B39E-09BA216F6B71}.Debug|iPhoneSimulator.Build.0 = Debug|iPhoneSimulator
		{E8F1A5CE-1B0F-4B10-B39E-09BA216F6B71}.Release|iPhoneSimulator.ActiveCfg = Release|iPhoneSimulator
		{E8F1A5CE-1B0F-4B10-B39E-09BA216F6B71}.Release|iPhoneSimulator.Build.0 = Release|iPhoneSimulator
		{E8F1A5CE-1B0F-4B10-B39E-09BA216F6B71}.Debug|iPhone.ActiveCfg = Debug|iPhone
		{E8F1A5CE-1B0F-4B10-B39E-09BA216F6B71}.Debug|iPhone.Build.0 = Debug|iPhone
		{E8F1A5CE-1B0F-4B10-B39E-09BA216F6B71}.Release|iPhone.ActiveCfg = Release|iPhone
		{E8F1A5CE-1B0F-4B10-B39E-09BA216F6B71}.Release|iPhone.Build.0 = Release|iPhone
		{2747BD0C-A488-48CF-8A5A-6193D1BF03EE}.Debug|Any CPU.ActiveCfg = Debug|Any CPU
		{2747BD0C-A488-48CF-8A5A-6193D1BF03EE}.Debug|Any CPU.Build.0 = Debug|Any CPU
		{2747BD0C-A488-48CF-8A5A-6193D1BF03EE}.Release|Any CPU.ActiveCfg = Release|Any CPU
		{2747BD0C-A488-48CF-8A5A-6193D1BF03EE}.Release|Any CPU.Build.0 = Release|Any CPU
		{2747BD0C-A488-48CF-8A5A-6193D1BF03EE}.Debug|iPhoneSimulator.ActiveCfg = Debug|Any CPU
		{2747BD0C-A488-48CF-8A5A-6193D1BF03EE}.Debug|iPhoneSimulator.Build.0 = Debug|Any CPU
		{2747BD0C-A488-48CF-8A5A-6193D1BF03EE}.Release|iPhoneSimulator.ActiveCfg = Release|Any CPU
		{2747BD0C-A488-48CF-8A5A-6193D1BF03EE}.Release|iPhoneSimulator.Build.0 = Release|Any CPU
		{2747BD0C-A488-48CF-8A5A-6193D1BF03EE}.Debug|iPhone.ActiveCfg = Debug|Any CPU
		{2747BD0C-A488-48CF-8A5A-6193D1BF03EE}.Debug|iPhone.Build.0 = Debug|Any CPU
		{2747BD0C-A488-48CF-8A5A-6193D1BF03EE}.Release|iPhone.ActiveCfg = Release|Any CPU
		{2747BD0C-A488-48CF-8A5A-6193D1BF03EE}.Release|iPhone.Build.0 = Release|Any CPU
	EndGlobalSection
	GlobalSection(SolutionProperties) = preSolution
		HideSolutionNode = FALSE
	EndGlobalSection
	GlobalSection(ExtensibilityGlobals) = postSolution
		SolutionGuid = {8A29C647-6398-43F6-8C90-E74AB0A221B3}
	EndGlobalSection
EndGlobal
